
Microsoft Visual Studio Solution File, Format Version 12.00
# Visual Studio Version 16
VisualStudioVersion = 16.0.29709.97
MinimumVisualStudioVersion = 10.0.40219.1
Project("{FAE04EC0-301F-11D3-BF4B-00C04F79EFBC}") = "WpfApp20", "WpfApp20\WpfApp20.csproj", "{EE4B15A6-C08D-4755-9BDC-3FF5E234C4C6}"
EndProject
Global
	GlobalSection(SolutionConfigurationPlatforms) = preSolution
		Debug|Any CPU = Debug|Any CPU
		Release|Any CPU = Release|Any CPU
	EndGlobalSection
	GlobalSection(ProjectConfigurationPlatforms) = postSolution
		{EE4B15A6-C08D-4755-9BDC-3FF5E234C4C6}.Debug|Any CPU.ActiveCfg = Debug|Any CPU
		{EE4B15A6-C08D-4755-9BDC-3FF5E234C4C6}.Debug|Any CPU.Build.0 = Debug|Any CPU
		{EE4B15A6-C08D-4755-9BDC-3FF5E234C4C6}.Release|Any CPU.ActiveCfg = Release|Any CPU
		{EE4B15A6-C08D-4755-9BDC-3FF5E234C4C6}.Release|Any CPU.Build.0 = Release|Any CPU
	EndGlobalSection
	GlobalSection(SolutionProperties) = preSolution
		HideSolutionNode = FALSE
	EndGlobalSection
	GlobalSection(ExtensibilityGlobals) = postSolution
		SolutionGuid = {390E82AD-92C9-43DE-9606-564AF5426381}
	EndGlobalSection
EndGlobal
